# This file was autogenerated by Stack.
# You should not edit this file by hand.
# For more information, please see the documentation at:
#   https://docs.haskellstack.org/en/stable/lock_files

packages:
- completed:
    hackage: bed-and-breakfast-0.5@sha256:02b7f3f18b23f97cf70782f09bed746ecad751f331121a3a43fe97880c25fbce,1597
    pantry-tree:
      size: 563
      sha256: 731aaa8e4729d534bf1409844ae5235b0963576a5def565fde4877a328bb30fb
  original:
    hackage: bed-and-breakfast-0.5@sha256:02b7f3f18b23f97cf70782f09bed746ecad751f331121a3a43fe97880c25fbce,1597
- completed:
    hackage: laop-0.1.0.7@sha256:80f6a97c9fd3006ef08b0a77cac6b5d2c7f116c8c5d4f3464d35902507aa0c1c,1889
    pantry-tree:
      size: 877
      sha256: 4ae5eed5fac2398bf28bc6bcd927870f9e3bf5072a5079a44fd99ed05be73501
  original:
    hackage: laop-0.1.0.7
snapshots:
- completed:
    size: 524163
    url: https://raw.githubusercontent.com/commercialhaskell/stackage-snapshots/master/lts/14/25.yaml
    sha256: 97548b4e927a8a862d4a203687ca18a3f5d2ae75b4b72c946fb29c17df1a5082
  original: lts-14.25
